
Microsoft Visual Studio Solution File, Format Version 12.00
# Visual Studio Version 16
VisualStudioVersion = 16.0.30114.105
MinimumVisualStudioVersion = 10.0.40219.1
Project("{2150E333-8FDC-42A3-9474-1A3956D46DE8}") = "src", "src", "{E08D7F6C-E45D-49BF-AF13-587A144C126C}"
EndProject
Project("{FAE04EC0-301F-11D3-BF4B-00C04F79EFBC}") = "Api", "src\Api\Api.csproj", "{CF895B4F-43B9-4AC8-9E3D-D49F36720E7B}"
EndProject
Project("{FAE04EC0-301F-11D3-BF4B-00C04F79EFBC}") = "Domain", "src\Domain\Domain.csproj", "{FBCABEA3-0044-430A-B76A-B7EBC7E95361}"
EndProject
Project("{FAE04EC0-301F-11D3-BF4B-00C04F79EFBC}") = "DataAccess", "src\DataAccess\DataAccess.csproj", "{31F5424E-93F7-48E6-866A-690BD4006E10}"
EndProject
Project("{2150E333-8FDC-42A3-9474-1A3956D46DE8}") = "tests", "tests", "{C4D10D80-1468-49E6-983D-4C0BC0B4CACA}"
EndProject
Project("{FAE04EC0-301F-11D3-BF4B-00C04F79EFBC}") = "Api.Tests", "tests\Api.Tests\Api.Tests.csproj", "{146143CA-619D-4521-B057-35A3ECA8E090}"
EndProject
Global
	GlobalSection(SolutionConfigurationPlatforms) = preSolution
		Debug|Any CPU = Debug|Any CPU
		Release|Any CPU = Release|Any CPU
	EndGlobalSection
	GlobalSection(SolutionProperties) = preSolution
		HideSolutionNode = FALSE
	EndGlobalSection
	GlobalSection(ProjectConfigurationPlatforms) = postSolution
		{CF895B4F-43B9-4AC8-9E3D-D49F36720E7B}.Debug|Any CPU.ActiveCfg = Debug|Any CPU
		{CF895B4F-43B9-4AC8-9E3D-D49F36720E7B}.Debug|Any CPU.Build.0 = Debug|Any CPU
		{CF895B4F-43B9-4AC8-9E3D-D49F36720E7B}.Release|Any CPU.ActiveCfg = Release|Any CPU
		{CF895B4F-43B9-4AC8-9E3D-D49F36720E7B}.Release|Any CPU.Build.0 = Release|Any CPU
		{FBCABEA3-0044-430A-B76A-B7EBC7E95361}.Debug|Any CPU.ActiveCfg = Debug|Any CPU
		{FBCABEA3-0044-430A-B76A-B7EBC7E95361}.Debug|Any CPU.Build.0 = Debug|Any CPU
		{FBCABEA3-0044-430A-B76A-B7EBC7E95361}.Release|Any CPU.ActiveCfg = Release|Any CPU
		{FBCABEA3-0044-430A-B76A-B7EBC7E95361}.Release|Any CPU.Build.0 = Release|Any CPU
		{31F5424E-93F7-48E6-866A-690BD4006E10}.Debug|Any CPU.ActiveCfg = Debug|Any CPU
		{31F5424E-93F7-48E6-866A-690BD4006E10}.Debug|Any CPU.Build.0 = Debug|Any CPU
		{31F5424E-93F7-48E6-866A-690BD4006E10}.Release|Any CPU.ActiveCfg = Release|Any CPU
		{31F5424E-93F7-48E6-866A-690BD4006E10}.Release|Any CPU.Build.0 = Release|Any CPU
		{146143CA-619D-4521-B057-35A3ECA8E090}.Debug|Any CPU.ActiveCfg = Debug|Any CPU
		{146143CA-619D-4521-B057-35A3ECA8E090}.Debug|Any CPU.Build.0 = Debug|Any CPU
		{146143CA-619D-4521-B057-35A3ECA8E090}.Release|Any CPU.ActiveCfg = Release|Any CPU
		{146143CA-619D-4521-B057-35A3ECA8E090}.Release|Any CPU.Build.0 = Release|Any CPU
	EndGlobalSection
	GlobalSection(NestedProjects) = preSolution
		{CF895B4F-43B9-4AC8-9E3D-D49F36720E7B} = {E08D7F6C-E45D-49BF-AF13-587A144C126C}
		{FBCABEA3-0044-430A-B76A-B7EBC7E95361} = {E08D7F6C-E45D-49BF-AF13-587A144C126C}
		{31F5424E-93F7-48E6-866A-690BD4006E10} = {E08D7F6C-E45D-49BF-AF13-587A144C126C}
		{146143CA-619D-4521-B057-35A3ECA8E090} = {C4D10D80-1468-49E6-983D-4C0BC0B4CACA}
	EndGlobalSection
EndGlobal
